
Microsoft Visual Studio Solution File, Format Version 12.00
Project("{FAE04EC0-301F-11D3-BF4B-00C04F79EFBC}") = "Api", "src\Api\Api.csproj", "{46F7509F-7E2F-4E95-A5EC-A4919C4FDFDB}"
EndProject
Global
	GlobalSection(SolutionConfigurationPlatforms) = preSolution
		Debug|Any CPU = Debug|Any CPU
		Release|Any CPU = Release|Any CPU
	EndGlobalSection
	GlobalSection(ProjectConfigurationPlatforms) = postSolution
		{46F7509F-7E2F-4E95-A5EC-A4919C4FDFDB}.Debug|Any CPU.ActiveCfg = Debug|Any CPU
		{46F7509F-7E2F-4E95-A5EC-A4919C4FDFDB}.Debug|Any CPU.Build.0 = Debug|Any CPU
		{46F7509F-7E2F-4E95-A5EC-A4919C4FDFDB}.Release|Any CPU.ActiveCfg = Release|Any CPU
		{46F7509F-7E2F-4E95-A5EC-A4919C4FDFDB}.Release|Any CPU.Build.0 = Release|Any CPU
	EndGlobalSection
EndGlobal
